
Microsoft Visual Studio Solution File, Format Version 12.00
# Visual Studio Version 16
VisualStudioVersion = 16.0.30413.136
MinimumVisualStudioVersion = 10.0.40219.1
Project("{9A19103F-16F7-4668-BE54-9A1E7A4F7556}") = "RetroArcadeMachines.AzureFunctions.Read", "Src\AzureFunctions\RetroArcadeMachines.AzureFunctions.Read\RetroArcadeMachines.AzureFunctions.Read.csproj", "{11D1122B-FED6-49F6-A18D-9038E181461C}"
EndProject
Project("{9A19103F-16F7-4668-BE54-9A1E7A4F7556}") = "RetroArcadeMachines.Services.Read", "Src\RetroArcadeMachines.Services.Read\RetroArcadeMachines.Services.Read\RetroArcadeMachines.Services.Read.csproj", "{0C31B8E1-952C-4B45-BC22-4D5FCAD265BB}"
EndProject
Project("{9A19103F-16F7-4668-BE54-9A1E7A4F7556}") = "RetroArcadeMachines.Data.Read", "Src\RetroArcadeMachines.Data.Read\RetroArcadeMachines.Data.Read.csproj", "{F2D81E3A-5504-4CA5-954C-3FE3344ABAA8}"
EndProject
Project("{9A19103F-16F7-4668-BE54-9A1E7A4F7556}") = "RetroArcadeMachines.AWS.DynamoDB.Generator", "Src\AWS\RetroArcadeMachines.AWS.DynamoDB.Generator\RetroArcadeMachines.AWS.DynamoDB.Generator.csproj", "{A1733E62-A7DC-494B-9C6F-0086BCA10A1B}"
EndProject
Project("{2150E333-8FDC-42A3-9474-1A3956D46DE8}") = "Solution Items", "Solution Items", "{39F0B490-B103-464D-94A4-1031AE04D068}"
	ProjectSection(SolutionItems) = preProject
		DeploymentSteps.txt = DeploymentSteps.txt
	EndProjectSection
EndProject
Project("{9A19103F-16F7-4668-BE54-9A1E7A4F7556}") = "RetroArcadeMachines.Data.Write", "Src\RetroArcadeMachines.Data.Write\RetroArcadeMachines.Data.Write.csproj", "{42414BFD-FFE4-4BE7-AB65-F93BD92E4F76}"
EndProject
Project("{9A19103F-16F7-4668-BE54-9A1E7A4F7556}") = "RetroArcadeMachines.AzureFunctions.Write", "Src\AzureFunctions\RetroArcadeMachines.AzureFunctions.Write\RetroArcadeMachines.AzureFunctions.Write.csproj", "{E350875C-1FE5-4CAE-84D4-6AC8EA646B90}"
EndProject
Project("{9A19103F-16F7-4668-BE54-9A1E7A4F7556}") = "RetroArcadeMachines.Services.Write", "Src\RetroArcadeMachines.Services.Write\RetroArcadeMachines.Services.Write.csproj", "{1E61816D-666B-49EF-BF6B-BAFBC8CAF931}"
EndProject
Project("{9A19103F-16F7-4668-BE54-9A1E7A4F7556}") = "RetroArcadeMachines.Shared.Models", "Src\RetroArcadeMachines.Shared.Models\RetroArcadeMachines.Shared.Models.csproj", "{CC2A46F9-9A12-4732-9707-1823CE3E7158}"
EndProject
Project("{9A19103F-16F7-4668-BE54-9A1E7A4F7556}") = "RetroArcadeMachines.Shared.Models.Validation", "Src\RetroArcadeMachines.Shared.Models.Validation\RetroArcadeMachines.Shared.Models.Validation.csproj", "{532F6A3F-4DE3-483D-B293-2BAEB9A838BB}"
EndProject
Project("{9A19103F-16F7-4668-BE54-9A1E7A4F7556}") = "RetroArcadeMachines.Shared.Models.Validation.Tests", "Src\RetroArcadeMachines.Shared.Models.Validation.Tests\RetroArcadeMachines.Shared.Models.Validation.Tests.csproj", "{7CCF02D6-91B9-4608-A7A2-4BE785888D88}"
EndProject
Project("{9A19103F-16F7-4668-BE54-9A1E7A4F7556}") = "RetroArcadeMachines.AzureFunctions.Write.Auth", "Src\AzureFunctions\RetroArcadeMachines.AzureFunctions.Write.Auth\RetroArcadeMachines.AzureFunctions.Write.Auth.csproj", "{5A8CBCB8-AC7D-4355-9258-76A236BB4419}"
EndProject
Project("{9A19103F-16F7-4668-BE54-9A1E7A4F7556}") = "RetroArcadeMachines.Data.Read.Tests", "Src\RetroArcadeMachines.Data.Read.Tests\RetroArcadeMachines.Data.Read.Tests.csproj", "{ADB09990-BF8E-4BB2-BB3B-4B13D749DEDB}"
EndProject
Project("{9A19103F-16F7-4668-BE54-9A1E7A4F7556}") = "RetroArcadeMachines.AzureFunctions.Read.Tests", "Src\AzureFunctions\RetroArcadeMachines.AzureFunctions.Read.Tests\RetroArcadeMachines.AzureFunctions.Read.Tests.csproj", "{5F7CE5F0-E10A-4EB5-B505-400CB7AC6118}"
EndProject
Project("{9A19103F-16F7-4668-BE54-9A1E7A4F7556}") = "RetroArcadeMachines.AzureFunctions.Write.Tests", "Src\AzureFunctions\RetroArcadeMachines.AzureFunctions.Write.Tests\RetroArcadeMachines.AzureFunctions.Write.Tests.csproj", "{D59E429C-FFBD-47FC-863E-AE0CCA752F4A}"
EndProject
Project("{9A19103F-16F7-4668-BE54-9A1E7A4F7556}") = "RetroArcadeMachines.AzureFunctions.Write.Auth.Tests", "Src\AzureFunctions\RetroArcadeMachines.AzureFunctions.Write.Auth.Tests\RetroArcadeMachines.AzureFunctions.Write.Auth.Tests.csproj", "{BB5DB448-09F0-415A-9BF3-22EC112D7D54}"
EndProject
Project("{9A19103F-16F7-4668-BE54-9A1E7A4F7556}") = "RetroArcadeMachines.Data.Write.Tests", "Src\RetroArcadeMachines.Data.Write.Tests\RetroArcadeMachines.Data.Write.Tests.csproj", "{3CDDC825-ABCC-4A6D-8E71-B26610BC3591}"
EndProject
Project("{9A19103F-16F7-4668-BE54-9A1E7A4F7556}") = "RetroArcadeMachines.Services.Read.Tests", "Src\RetroArcadeMachines.Services.Read.Tests\RetroArcadeMachines.Services.Read.Tests.csproj", "{AD225A56-0B41-445B-B0CA-E941BA05A8BE}"
EndProject
Project("{9A19103F-16F7-4668-BE54-9A1E7A4F7556}") = "RetroArcadeMachines.Services.Write.Tests", "Src\RetroArcadeMachines.Services.Write.Tests\RetroArcadeMachines.Services.Write.Tests.csproj", "{D90417A6-1C67-41CC-9161-B558DBA0B0F7}"
EndProject
Global
	GlobalSection(SolutionConfigurationPlatforms) = preSolution
		Debug|Any CPU = Debug|Any CPU
		Release|Any CPU = Release|Any CPU
	EndGlobalSection
	GlobalSection(ProjectConfigurationPlatforms) = postSolution
		{11D1122B-FED6-49F6-A18D-9038E181461C}.Debug|Any CPU.ActiveCfg = Debug|Any CPU
		{11D1122B-FED6-49F6-A18D-9038E181461C}.Debug|Any CPU.Build.0 = Debug|Any CPU
		{11D1122B-FED6-49F6-A18D-9038E181461C}.Release|Any CPU.ActiveCfg = Release|Any CPU
		{11D1122B-FED6-49F6-A18D-9038E181461C}.Release|Any CPU.Build.0 = Release|Any CPU
		{0C31B8E1-952C-4B45-BC22-4D5FCAD265BB}.Debug|Any CPU.ActiveCfg = Debug|Any CPU
		{0C31B8E1-952C-4B45-BC22-4D5FCAD265BB}.Debug|Any CPU.Build.0 = Debug|Any CPU
		{0C31B8E1-952C-4B45-BC22-4D5FCAD265BB}.Release|Any CPU.ActiveCfg = Release|Any CPU
		{0C31B8E1-952C-4B45-BC22-4D5FCAD265BB}.Release|Any CPU.Build.0 = Release|Any CPU
		{F2D81E3A-5504-4CA5-954C-3FE3344ABAA8}.Debug|Any CPU.ActiveCfg = Debug|Any CPU
		{F2D81E3A-5504-4CA5-954C-3FE3344ABAA8}.Debug|Any CPU.Build.0 = Debug|Any CPU
		{F2D81E3A-5504-4CA5-954C-3FE3344ABAA8}.Release|Any CPU.ActiveCfg = Release|Any CPU
		{F2D81E3A-5504-4CA5-954C-3FE3344ABAA8}.Release|Any CPU.Build.0 = Release|Any CPU
		{A1733E62-A7DC-494B-9C6F-0086BCA10A1B}.Debug|Any CPU.ActiveCfg = Debug|Any CPU
		{A1733E62-A7DC-494B-9C6F-0086BCA10A1B}.Debug|Any CPU.Build.0 = Debug|Any CPU
		{A1733E62-A7DC-494B-9C6F-0086BCA10A1B}.Release|Any CPU.ActiveCfg = Release|Any CPU
		{A1733E62-A7DC-494B-9C6F-0086BCA10A1B}.Release|Any CPU.Build.0 = Release|Any CPU
		{42414BFD-FFE4-4BE7-AB65-F93BD92E4F76}.Debug|Any CPU.ActiveCfg = Debug|Any CPU
		{42414BFD-FFE4-4BE7-AB65-F93BD92E4F76}.Debug|Any CPU.Build.0 = Debug|Any CPU
		{42414BFD-FFE4-4BE7-AB65-F93BD92E4F76}.Release|Any CPU.ActiveCfg = Release|Any CPU
		{42414BFD-FFE4-4BE7-AB65-F93BD92E4F76}.Release|Any CPU.Build.0 = Release|Any CPU
		{E350875C-1FE5-4CAE-84D4-6AC8EA646B90}.Debug|Any CPU.ActiveCfg = Debug|Any CPU
		{E350875C-1FE5-4CAE-84D4-6AC8EA646B90}.Debug|Any CPU.Build.0 = Debug|Any CPU
		{E350875C-1FE5-4CAE-84D4-6AC8EA646B90}.Release|Any CPU.ActiveCfg = Release|Any CPU
		{E350875C-1FE5-4CAE-84D4-6AC8EA646B90}.Release|Any CPU.Build.0 = Release|Any CPU
		{1E61816D-666B-49EF-BF6B-BAFBC8CAF931}.Debug|Any CPU.ActiveCfg = Debug|Any CPU
		{1E61816D-666B-49EF-BF6B-BAFBC8CAF931}.Debug|Any CPU.Build.0 = Debug|Any CPU
		{1E61816D-666B-49EF-BF6B-BAFBC8CAF931}.Release|Any CPU.ActiveCfg = Release|Any CPU
		{1E61816D-666B-49EF-BF6B-BAFBC8CAF931}.Release|Any CPU.Build.0 = Release|Any CPU
		{CC2A46F9-9A12-4732-9707-1823CE3E7158}.Debug|Any CPU.ActiveCfg = Debug|Any CPU
		{CC2A46F9-9A12-4732-9707-1823CE3E7158}.Debug|Any CPU.Build.0 = Debug|Any CPU
		{CC2A46F9-9A12-4732-9707-1823CE3E7158}.Release|Any CPU.ActiveCfg = Release|Any CPU
		{CC2A46F9-9A12-4732-9707-1823CE3E7158}.Release|Any CPU.Build.0 = Release|Any CPU
		{532F6A3F-4DE3-483D-B293-2BAEB9A838BB}.Debug|Any CPU.ActiveCfg = Debug|Any CPU
		{532F6A3F-4DE3-483D-B293-2BAEB9A838BB}.Debug|Any CPU.Build.0 = Debug|Any CPU
		{532F6A3F-4DE3-483D-B293-2BAEB9A838BB}.Release|Any CPU.ActiveCfg = Release|Any CPU
		{532F6A3F-4DE3-483D-B293-2BAEB9A838BB}.Release|Any CPU.Build.0 = Release|Any CPU
		{7CCF02D6-91B9-4608-A7A2-4BE785888D88}.Debug|Any CPU.ActiveCfg = Debug|Any CPU
		{7CCF02D6-91B9-4608-A7A2-4BE785888D88}.Debug|Any CPU.Build.0 = Debug|Any CPU
		{7CCF02D6-91B9-4608-A7A2-4BE785888D88}.Release|Any CPU.ActiveCfg = Release|Any CPU
		{7CCF02D6-91B9-4608-A7A2-4BE785888D88}.Release|Any CPU.Build.0 = Release|Any CPU
		{5A8CBCB8-AC7D-4355-9258-76A236BB4419}.Debug|Any CPU.ActiveCfg = Debug|Any CPU
		{5A8CBCB8-AC7D-4355-9258-76A236BB4419}.Debug|Any CPU.Build.0 = Debug|Any CPU
		{5A8CBCB8-AC7D-4355-9258-76A236BB4419}.Release|Any CPU.ActiveCfg = Release|Any CPU
		{5A8CBCB8-AC7D-4355-9258-76A236BB4419}.Release|Any CPU.Build.0 = Release|Any CPU
		{ADB09990-BF8E-4BB2-BB3B-4B13D749DEDB}.Debug|Any CPU.ActiveCfg = Debug|Any CPU
		{ADB09990-BF8E-4BB2-BB3B-4B13D749DEDB}.Debug|Any CPU.Build.0 = Debug|Any CPU
		{ADB09990-BF8E-4BB2-BB3B-4B13D749DEDB}.Release|Any CPU.ActiveCfg = Release|Any CPU
		{ADB09990-BF8E-4BB2-BB3B-4B13D749DEDB}.Release|Any CPU.Build.0 = Release|Any CPU
		{5F7CE5F0-E10A-4EB5-B505-400CB7AC6118}.Debug|Any CPU.ActiveCfg = Debug|Any CPU
		{5F7CE5F0-E10A-4EB5-B505-400CB7AC6118}.Debug|Any CPU.Build.0 = Debug|Any CPU
		{5F7CE5F0-E10A-4EB5-B505-400CB7AC6118}.Release|Any CPU.ActiveCfg = Release|Any CPU
		{5F7CE5F0-E10A-4EB5-B505-400CB7AC6118}.Release|Any CPU.Build.0 = Release|Any CPU
		{D59E429C-FFBD-47FC-863E-AE0CCA752F4A}.Debug|Any CPU.ActiveCfg = Debug|Any CPU
		{D59E429C-FFBD-47FC-863E-AE0CCA752F4A}.Debug|Any CPU.Build.0 = Debug|Any CPU
		{D59E429C-FFBD-47FC-863E-AE0CCA752F4A}.Release|Any CPU.ActiveCfg = Release|Any CPU
		{D59E429C-FFBD-47FC-863E-AE0CCA752F4A}.Release|Any CPU.Build.0 = Release|Any CPU
		{BB5DB448-09F0-415A-9BF3-22EC112D7D54}.Debug|Any CPU.ActiveCfg = Debug|Any CPU
		{BB5DB448-09F0-415A-9BF3-22EC112D7D54}.Debug|Any CPU.Build.0 = Debug|Any CPU
		{BB5DB448-09F0-415A-9BF3-22EC112D7D54}.Release|Any CPU.ActiveCfg = Release|Any CPU
		{BB5DB448-09F0-415A-9BF3-22EC112D7D54}.Release|Any CPU.Build.0 = Release|Any CPU
		{3CDDC825-ABCC-4A6D-8E71-B26610BC3591}.Debug|Any CPU.ActiveCfg = Debug|Any CPU
		{3CDDC825-ABCC-4A6D-8E71-B26610BC3591}.Debug|Any CPU.Build.0 = Debug|Any CPU
		{3CDDC825-ABCC-4A6D-8E71-B26610BC3591}.Release|Any CPU.ActiveCfg = Release|Any CPU
		{3CDDC825-ABCC-4A6D-8E71-B26610BC3591}.Release|Any CPU.Build.0 = Release|Any CPU
		{AD225A56-0B41-445B-B0CA-E941BA05A8BE}.Debug|Any CPU.ActiveCfg = Debug|Any CPU
		{AD225A56-0B41-445B-B0CA-E941BA05A8BE}.Debug|Any CPU.Build.0 = Debug|Any CPU
		{AD225A56-0B41-445B-B0CA-E941BA05A8BE}.Release|Any CPU.ActiveCfg = Release|Any CPU
		{AD225A56-0B41-445B-B0CA-E941BA05A8BE}.Release|Any CPU.Build.0 = Release|Any CPU
		{D90417A6-1C67-41CC-9161-B558DBA0B0F7}.Debug|Any CPU.ActiveCfg = Debug|Any CPU
		{D90417A6-1C67-41CC-9161-B558DBA0B0F7}.Debug|Any CPU.Build.0 = Debug|Any CPU
		{D90417A6-1C67-41CC-9161-B558DBA0B0F7}.Release|Any CPU.ActiveCfg = Release|Any CPU
		{D90417A6-1C67-41CC-9161-B558DBA0B0F7}.Release|Any CPU.Build.0 = Release|Any CPU
	EndGlobalSection
	GlobalSection(SolutionProperties) = preSolution
		HideSolutionNode = FALSE
	EndGlobalSection
	GlobalSection(ExtensibilityGlobals) = postSolution
		SolutionGuid = {55DDA536-8908-417A-B338-8551EB2BC759}
	EndGlobalSection
EndGlobal
