
Microsoft Visual Studio Solution File, Format Version 12.00
# Visual Studio Version 16
VisualStudioVersion = 16.0.30413.136
MinimumVisualStudioVersion = 10.0.40219.1
Project("{E24C65DC-7377-472B-9ABA-BC803B73C61A}") = "ClientApp", "ClientApp\", "{9147AED9-E6AD-4107-A7BD-6ECCAD2E90E1}"
	ProjectSection(WebsiteProperties) = preProject
		TargetFrameworkMoniker = ".NETFramework,Version%3Dv4.0"
		Debug.AspNetCompiler.VirtualPath = "/localhost_50797"
		Debug.AspNetCompiler.PhysicalPath = "ClientApp\"
		Debug.AspNetCompiler.TargetPath = "PrecompiledWeb\localhost_50797\"
		Debug.AspNetCompiler.Updateable = "true"
		Debug.AspNetCompiler.ForceOverwrite = "true"
		Debug.AspNetCompiler.FixedNames = "false"
		Debug.AspNetCompiler.Debug = "True"
		Release.AspNetCompiler.VirtualPath = "/localhost_50797"
		Release.AspNetCompiler.PhysicalPath = "ClientApp\"
		Release.AspNetCompiler.TargetPath = "PrecompiledWeb\localhost_50797\"
		Release.AspNetCompiler.Updateable = "true"
		Release.AspNetCompiler.ForceOverwrite = "true"
		Release.AspNetCompiler.FixedNames = "false"
		Release.AspNetCompiler.Debug = "False"
		VWDPort = "50797"
		SlnRelativePath = "ClientApp\"
	EndProjectSection
EndProject
Project("{9A19103F-16F7-4668-BE54-9A1E7A4F7556}") = "RetroArcadeMachines.AzureFunctions.Read", "Src\AzureFunctions\RetroArcadeMachines.AzureFunctions.Read\RetroArcadeMachines.AzureFunctions.Read.csproj", "{11D1122B-FED6-49F6-A18D-9038E181461C}"
EndProject
Project("{9A19103F-16F7-4668-BE54-9A1E7A4F7556}") = "RetroArcadeMachines.Services.Read", "Src\RetroArcadeMachines.Services.Read\RetroArcadeMachines.Services.Read\RetroArcadeMachines.Services.Read.csproj", "{0C31B8E1-952C-4B45-BC22-4D5FCAD265BB}"
EndProject
Project("{9A19103F-16F7-4668-BE54-9A1E7A4F7556}") = "RetroArcadeMachines.Data.Read", "Src\RetroArcadeMachines.Data.Read\RetroArcadeMachines.Data.Read.csproj", "{F2D81E3A-5504-4CA5-954C-3FE3344ABAA8}"
EndProject
Project("{9A19103F-16F7-4668-BE54-9A1E7A4F7556}") = "RetroArcadeMachines.AWS.DynamoDB.Generator", "Src\AWS\RetroArcadeMachines.AWS.DynamoDB.Generator\RetroArcadeMachines.AWS.DynamoDB.Generator.csproj", "{A1733E62-A7DC-494B-9C6F-0086BCA10A1B}"
EndProject
Project("{2150E333-8FDC-42A3-9474-1A3956D46DE8}") = "Solution Items", "Solution Items", "{39F0B490-B103-464D-94A4-1031AE04D068}"
	ProjectSection(SolutionItems) = preProject
		DeploymentSteps.txt = DeploymentSteps.txt
	EndProjectSection
EndProject
Global
	GlobalSection(SolutionConfigurationPlatforms) = preSolution
		Debug|Any CPU = Debug|Any CPU
		Release|Any CPU = Release|Any CPU
	EndGlobalSection
	GlobalSection(ProjectConfigurationPlatforms) = postSolution
		{9147AED9-E6AD-4107-A7BD-6ECCAD2E90E1}.Debug|Any CPU.ActiveCfg = Debug|Any CPU
		{9147AED9-E6AD-4107-A7BD-6ECCAD2E90E1}.Debug|Any CPU.Build.0 = Debug|Any CPU
		{9147AED9-E6AD-4107-A7BD-6ECCAD2E90E1}.Release|Any CPU.ActiveCfg = Debug|Any CPU
		{9147AED9-E6AD-4107-A7BD-6ECCAD2E90E1}.Release|Any CPU.Build.0 = Debug|Any CPU
		{11D1122B-FED6-49F6-A18D-9038E181461C}.Debug|Any CPU.ActiveCfg = Debug|Any CPU
		{11D1122B-FED6-49F6-A18D-9038E181461C}.Debug|Any CPU.Build.0 = Debug|Any CPU
		{11D1122B-FED6-49F6-A18D-9038E181461C}.Release|Any CPU.ActiveCfg = Release|Any CPU
		{11D1122B-FED6-49F6-A18D-9038E181461C}.Release|Any CPU.Build.0 = Release|Any CPU
		{0C31B8E1-952C-4B45-BC22-4D5FCAD265BB}.Debug|Any CPU.ActiveCfg = Debug|Any CPU
		{0C31B8E1-952C-4B45-BC22-4D5FCAD265BB}.Debug|Any CPU.Build.0 = Debug|Any CPU
		{0C31B8E1-952C-4B45-BC22-4D5FCAD265BB}.Release|Any CPU.ActiveCfg = Release|Any CPU
		{0C31B8E1-952C-4B45-BC22-4D5FCAD265BB}.Release|Any CPU.Build.0 = Release|Any CPU
		{F2D81E3A-5504-4CA5-954C-3FE3344ABAA8}.Debug|Any CPU.ActiveCfg = Debug|Any CPU
		{F2D81E3A-5504-4CA5-954C-3FE3344ABAA8}.Debug|Any CPU.Build.0 = Debug|Any CPU
		{F2D81E3A-5504-4CA5-954C-3FE3344ABAA8}.Release|Any CPU.ActiveCfg = Release|Any CPU
		{F2D81E3A-5504-4CA5-954C-3FE3344ABAA8}.Release|Any CPU.Build.0 = Release|Any CPU
		{A1733E62-A7DC-494B-9C6F-0086BCA10A1B}.Debug|Any CPU.ActiveCfg = Debug|Any CPU
		{A1733E62-A7DC-494B-9C6F-0086BCA10A1B}.Debug|Any CPU.Build.0 = Debug|Any CPU
		{A1733E62-A7DC-494B-9C6F-0086BCA10A1B}.Release|Any CPU.ActiveCfg = Release|Any CPU
		{A1733E62-A7DC-494B-9C6F-0086BCA10A1B}.Release|Any CPU.Build.0 = Release|Any CPU
	EndGlobalSection
	GlobalSection(SolutionProperties) = preSolution
		HideSolutionNode = FALSE
	EndGlobalSection
	GlobalSection(ExtensibilityGlobals) = postSolution
		SolutionGuid = {55DDA536-8908-417A-B338-8551EB2BC759}
	EndGlobalSection
EndGlobal
